
Microsoft Visual Studio Solution File, Format Version 12.00
# Visual Studio Version 17
VisualStudioVersion = 17.9.34728.123
MinimumVisualStudioVersion = 10.0.40219.1
Project("{FAE04EC0-301F-11D3-BF4B-00C04F79EFBC}") = "OneMusic.EntityLayer", "OneMusic.EntityLayer\OneMusic.EntityLayer.csproj", "{7C0BDC5E-F7CF-4731-AF81-B0EF8FC50784}"
EndProject
Project("{FAE04EC0-301F-11D3-BF4B-00C04F79EFBC}") = "OneMusic.DataAccessLayer", "OneMusic.DataAccessLayer\OneMusic.DataAccessLayer.csproj", "{175213E1-533E-4207-A364-8F385AB86C57}"
EndProject
Project("{FAE04EC0-301F-11D3-BF4B-00C04F79EFBC}") = "OneMusic.BusinessLayer", "OneMusic.BusinessLayer\OneMusic.BusinessLayer.csproj", "{63D917BC-CC46-4A06-84AE-6034C29C424D}"
EndProject
Project("{FAE04EC0-301F-11D3-BF4B-00C04F79EFBC}") = "OneMusic.WebUI", "OneMusic.WebUI\OneMusic.WebUI.csproj", "{378AAB0B-66A8-4D03-BADA-D279D8259AA0}"
EndProject
Global
	GlobalSection(SolutionConfigurationPlatforms) = preSolution
		Debug|Any CPU = Debug|Any CPU
		Release|Any CPU = Release|Any CPU
	EndGlobalSection
	GlobalSection(ProjectConfigurationPlatforms) = postSolution
		{7C0BDC5E-F7CF-4731-AF81-B0EF8FC50784}.Debug|Any CPU.ActiveCfg = Debug|Any CPU
		{7C0BDC5E-F7CF-4731-AF81-B0EF8FC50784}.Debug|Any CPU.Build.0 = Debug|Any CPU
		{7C0BDC5E-F7CF-4731-AF81-B0EF8FC50784}.Release|Any CPU.ActiveCfg = Release|Any CPU
		{7C0BDC5E-F7CF-4731-AF81-B0EF8FC50784}.Release|Any CPU.Build.0 = Release|Any CPU
		{175213E1-533E-4207-A364-8F385AB86C57}.Debug|Any CPU.ActiveCfg = Debug|Any CPU
		{175213E1-533E-4207-A364-8F385AB86C57}.Debug|Any CPU.Build.0 = Debug|Any CPU
		{175213E1-533E-4207-A364-8F385AB86C57}.Release|Any CPU.ActiveCfg = Release|Any CPU
		{175213E1-533E-4207-A364-8F385AB86C57}.Release|Any CPU.Build.0 = Release|Any CPU
		{63D917BC-CC46-4A06-84AE-6034C29C424D}.Debug|Any CPU.ActiveCfg = Debug|Any CPU
		{63D917BC-CC46-4A06-84AE-6034C29C424D}.Debug|Any CPU.Build.0 = Debug|Any CPU
		{63D917BC-CC46-4A06-84AE-6034C29C424D}.Release|Any CPU.ActiveCfg = Release|Any CPU
		{63D917BC-CC46-4A06-84AE-6034C29C424D}.Release|Any CPU.Build.0 = Release|Any CPU
		{378AAB0B-66A8-4D03-BADA-D279D8259AA0}.Debug|Any CPU.ActiveCfg = Debug|Any CPU
		{378AAB0B-66A8-4D03-BADA-D279D8259AA0}.Debug|Any CPU.Build.0 = Debug|Any CPU
		{378AAB0B-66A8-4D03-BADA-D279D8259AA0}.Release|Any CPU.ActiveCfg = Release|Any CPU
		{378AAB0B-66A8-4D03-BADA-D279D8259AA0}.Release|Any CPU.Build.0 = Release|Any CPU
	EndGlobalSection
	GlobalSection(SolutionProperties) = preSolution
		HideSolutionNode = FALSE
	EndGlobalSection
	GlobalSection(ExtensibilityGlobals) = postSolution
		SolutionGuid = {D7A2FB95-B1AC-475F-B54D-E8AFC81E1855}
	EndGlobalSection
EndGlobal
